// !$*UTF8*$!
{
	archiveVersion = 1;
	classes = {
	};
	objectVersion = 51;
	objects = {

/* Begin PBXBuildFile section */
		4F4AA96A2559E3C60009DB36 /* LoginViewController.swift in Sources */ = {isa = PBXBuildFile; fileRef = 4F4AA9692559E3C60009DB36 /* LoginViewController.swift */; };
		4F4AA96C2559EBA80009DB36 /* DesignView.swift in Sources */ = {isa = PBXBuildFile; fileRef = 4F4AA96B2559EBA80009DB36 /* DesignView.swift */; };
		635E4199253FB5C4005DEE7C /* AppDelegate.swift in Sources */ = {isa = PBXBuildFile; fileRef = 635E4198253FB5C4005DEE7C /* AppDelegate.swift */; };
		635E419B253FB5C4005DEE7C /* SceneDelegate.swift in Sources */ = {isa = PBXBuildFile; fileRef = 635E419A253FB5C4005DEE7C /* SceneDelegate.swift */; };
		635E419D253FB5C4005DEE7C /* SearchRecipeViewController.swift in Sources */ = {isa = PBXBuildFile; fileRef = 635E419C253FB5C4005DEE7C /* SearchRecipeViewController.swift */; };
		635E41A0253FB5C5005DEE7C /* Main.storyboard in Resources */ = {isa = PBXBuildFile; fileRef = 635E419E253FB5C5005DEE7C /* Main.storyboard */; };
		635E41A2253FB5C6005DEE7C /* Assets.xcassets in Resources */ = {isa = PBXBuildFile; fileRef = 635E41A1253FB5C6005DEE7C /* Assets.xcassets */; };
		635E41A5253FB5C6005DEE7C /* LaunchScreen.storyboard in Resources */ = {isa = PBXBuildFile; fileRef = 635E41A3253FB5C6005DEE7C /* LaunchScreen.storyboard */; };
		636A61052542557200F34FC3 /* HTTPRequestHandler.swift in Sources */ = {isa = PBXBuildFile; fileRef = 636A61042542557200F34FC3 /* HTTPRequestHandler.swift */; };
		636A610925426E0B00F34FC3 /* RecipeTableViewCell.swift in Sources */ = {isa = PBXBuildFile; fileRef = 636A610825426E0B00F34FC3 /* RecipeTableViewCell.swift */; };
		63F060F1254C7C310004FA19 /* FavoritesViewController.swift in Sources */ = {isa = PBXBuildFile; fileRef = 63F060F0254C7C310004FA19 /* FavoritesViewController.swift */; };
		63F060F7254C7CDC0004FA19 /* ShoppingListViewController.swift in Sources */ = {isa = PBXBuildFile; fileRef = 63F060F6254C7CDC0004FA19 /* ShoppingListViewController.swift */; };
		6A4C2FF025431A39006EF9FD /* RecipeDetailViewController.swift in Sources */ = {isa = PBXBuildFile; fileRef = 6A4C2FEF25431A39006EF9FD /* RecipeDetailViewController.swift */; };
		6A4C2FF22544DF72006EF9FD /* IngredientTableViewCell.swift in Sources */ = {isa = PBXBuildFile; fileRef = 6A4C2FF12544DF72006EF9FD /* IngredientTableViewCell.swift */; };
		6A4C2FF425450A3E006EF9FD /* InstructionTableViewCell.swift in Sources */ = {isa = PBXBuildFile; fileRef = 6A4C2FF325450A3D006EF9FD /* InstructionTableViewCell.swift */; };
		6ABD6A25256C2FCD00E1E69E /* ShoppingItemTableViewCell.swift in Sources */ = {isa = PBXBuildFile; fileRef = 6ABD6A24256C2FCD00E1E69E /* ShoppingItemTableViewCell.swift */; };
		8C227DB3C6A6633CF2918324 /* Pods_Recipely.framework in Frameworks */ = {isa = PBXBuildFile; fileRef = CB03E1CF7F26A2DFC6C0EE17 /* Pods_Recipely.framework */; };
/* End PBXBuildFile section */

/* Begin PBXFileReference section */
		4F4AA9692559E3C60009DB36 /* LoginViewController.swift */ = {isa = PBXFileReference; lastKnownFileType = sourcecode.swift; path = LoginViewController.swift; sourceTree = "<group>"; };
		4F4AA96B2559EBA80009DB36 /* DesignView.swift */ = {isa = PBXFileReference; lastKnownFileType = sourcecode.swift; path = DesignView.swift; sourceTree = "<group>"; };
		635E4195253FB5C4005DEE7C /* Recipely.app */ = {isa = PBXFileReference; explicitFileType = wrapper.application; includeInIndex = 0; path = Recipely.app; sourceTree = BUILT_PRODUCTS_DIR; };
		635E4198253FB5C4005DEE7C /* AppDelegate.swift */ = {isa = PBXFileReference; lastKnownFileType = sourcecode.swift; path = AppDelegate.swift; sourceTree = "<group>"; };
		635E419A253FB5C4005DEE7C /* SceneDelegate.swift */ = {isa = PBXFileReference; lastKnownFileType = sourcecode.swift; path = SceneDelegate.swift; sourceTree = "<group>"; };
		635E419C253FB5C4005DEE7C /* SearchRecipeViewController.swift */ = {isa = PBXFileReference; lastKnownFileType = sourcecode.swift; path = SearchRecipeViewController.swift; sourceTree = "<group>"; };
		635E419F253FB5C5005DEE7C /* Base */ = {isa = PBXFileReference; lastKnownFileType = file.storyboard; name = Base; path = Base.lproj/Main.storyboard; sourceTree = "<group>"; };
		635E41A1253FB5C6005DEE7C /* Assets.xcassets */ = {isa = PBXFileReference; lastKnownFileType = folder.assetcatalog; path = Assets.xcassets; sourceTree = "<group>"; };
		635E41A4253FB5C6005DEE7C /* Base */ = {isa = PBXFileReference; lastKnownFileType = file.storyboard; name = Base; path = Base.lproj/LaunchScreen.storyboard; sourceTree = "<group>"; };
		635E41A6253FB5C6005DEE7C /* Info.plist */ = {isa = PBXFileReference; lastKnownFileType = text.plist.xml; path = Info.plist; sourceTree = "<group>"; };
		636A61042542557200F34FC3 /* HTTPRequestHandler.swift */ = {isa = PBXFileReference; lastKnownFileType = sourcecode.swift; path = HTTPRequestHandler.swift; sourceTree = "<group>"; };
		636A610825426E0B00F34FC3 /* RecipeTableViewCell.swift */ = {isa = PBXFileReference; lastKnownFileType = sourcecode.swift; path = RecipeTableViewCell.swift; sourceTree = "<group>"; };
		63F060F0254C7C310004FA19 /* FavoritesViewController.swift */ = {isa = PBXFileReference; lastKnownFileType = sourcecode.swift; path = FavoritesViewController.swift; sourceTree = "<group>"; };
		63F060F6254C7CDC0004FA19 /* ShoppingListViewController.swift */ = {isa = PBXFileReference; lastKnownFileType = sourcecode.swift; path = ShoppingListViewController.swift; sourceTree = "<group>"; };
		6A4C2FEF25431A39006EF9FD /* RecipeDetailViewController.swift */ = {isa = PBXFileReference; lastKnownFileType = sourcecode.swift; path = RecipeDetailViewController.swift; sourceTree = "<group>"; };
		6A4C2FF12544DF72006EF9FD /* IngredientTableViewCell.swift */ = {isa = PBXFileReference; lastKnownFileType = sourcecode.swift; path = IngredientTableViewCell.swift; sourceTree = "<group>"; };
		6A4C2FF325450A3D006EF9FD /* InstructionTableViewCell.swift */ = {isa = PBXFileReference; lastKnownFileType = sourcecode.swift; path = InstructionTableViewCell.swift; sourceTree = "<group>"; };
		6ABD6A24256C2FCD00E1E69E /* ShoppingItemTableViewCell.swift */ = {isa = PBXFileReference; lastKnownFileType = sourcecode.swift; path = ShoppingItemTableViewCell.swift; sourceTree = "<group>"; };
		AC4A662E2D8AD56E14BE39CB /* Pods-Recipely.debug.xcconfig */ = {isa = PBXFileReference; includeInIndex = 1; lastKnownFileType = text.xcconfig; name = "Pods-Recipely.debug.xcconfig"; path = "Target Support Files/Pods-Recipely/Pods-Recipely.debug.xcconfig"; sourceTree = "<group>"; };
		CB03E1CF7F26A2DFC6C0EE17 /* Pods_Recipely.framework */ = {isa = PBXFileReference; explicitFileType = wrapper.framework; includeInIndex = 0; path = Pods_Recipely.framework; sourceTree = BUILT_PRODUCTS_DIR; };
		E9D0AE631A6E3772C426B7B9 /* Pods-Recipely.release.xcconfig */ = {isa = PBXFileReference; includeInIndex = 1; lastKnownFileType = text.xcconfig; name = "Pods-Recipely.release.xcconfig"; path = "Target Support Files/Pods-Recipely/Pods-Recipely.release.xcconfig"; sourceTree = "<group>"; };
/* End PBXFileReference section */

/* Begin PBXFrameworksBuildPhase section */
		635E4192253FB5C4005DEE7C /* Frameworks */ = {
			isa = PBXFrameworksBuildPhase;
			buildActionMask = 2147483647;
			files = (
				8C227DB3C6A6633CF2918324 /* Pods_Recipely.framework in Frameworks */,
			);
			runOnlyForDeploymentPostprocessing = 0;
		};
/* End PBXFrameworksBuildPhase section */

/* Begin PBXGroup section */
		635E418C253FB5C4005DEE7C = {
			isa = PBXGroup;
			children = (
				635E4197253FB5C4005DEE7C /* Recipely */,
				635E4196253FB5C4005DEE7C /* Products */,
				6596B9EEDF5F64C1DB42E4A3 /* Pods */,
				EBE0F4A0603E0594733789F7 /* Frameworks */,
			);
			sourceTree = "<group>";
		};
		635E4196253FB5C4005DEE7C /* Products */ = {
			isa = PBXGroup;
			children = (
				635E4195253FB5C4005DEE7C /* Recipely.app */,
			);
			name = Products;
			sourceTree = "<group>";
		};
		635E4197253FB5C4005DEE7C /* Recipely */ = {
			isa = PBXGroup;
			children = (
				63F060F5254C7CA10004FA19 /* TableViewCells */,
				63F060F4254C7C6A0004FA19 /* ViewControllers */,
				635E4198253FB5C4005DEE7C /* AppDelegate.swift */,
				635E419A253FB5C4005DEE7C /* SceneDelegate.swift */,
				635E419E253FB5C5005DEE7C /* Main.storyboard */,
				635E41A1253FB5C6005DEE7C /* Assets.xcassets */,
				635E41A3253FB5C6005DEE7C /* LaunchScreen.storyboard */,
				635E41A6253FB5C6005DEE7C /* Info.plist */,
				636A61042542557200F34FC3 /* HTTPRequestHandler.swift */,
				4F4AA96B2559EBA80009DB36 /* DesignView.swift */,
			);
			path = Recipely;
			sourceTree = "<group>";
		};
		63F060F4254C7C6A0004FA19 /* ViewControllers */ = {
			isa = PBXGroup;
			children = (
				635E419C253FB5C4005DEE7C /* SearchRecipeViewController.swift */,
				6A4C2FEF25431A39006EF9FD /* RecipeDetailViewController.swift */,
				63F060F0254C7C310004FA19 /* FavoritesViewController.swift */,
				63F060F6254C7CDC0004FA19 /* ShoppingListViewController.swift */,
				4F4AA9692559E3C60009DB36 /* LoginViewController.swift */,
			);
			name = ViewControllers;
			sourceTree = "<group>";
		};
		63F060F5254C7CA10004FA19 /* TableViewCells */ = {
			isa = PBXGroup;
			children = (
				636A610825426E0B00F34FC3 /* RecipeTableViewCell.swift */,
				6A4C2FF12544DF72006EF9FD /* IngredientTableViewCell.swift */,
				6A4C2FF325450A3D006EF9FD /* InstructionTableViewCell.swift */,
				6ABD6A24256C2FCD00E1E69E /* ShoppingItemTableViewCell.swift */,
			);
			name = TableViewCells;
			sourceTree = "<group>";
		};
		6596B9EEDF5F64C1DB42E4A3 /* Pods */ = {
			isa = PBXGroup;
			children = (
				AC4A662E2D8AD56E14BE39CB /* Pods-Recipely.debug.xcconfig */,
				E9D0AE631A6E3772C426B7B9 /* Pods-Recipely.release.xcconfig */,
			);
			path = Pods;
			sourceTree = "<group>";
		};
		EBE0F4A0603E0594733789F7 /* Frameworks */ = {
			isa = PBXGroup;
			children = (
				CB03E1CF7F26A2DFC6C0EE17 /* Pods_Recipely.framework */,
			);
			name = Frameworks;
			sourceTree = "<group>";
		};
/* End PBXGroup section */

/* Begin PBXNativeTarget section */
		635E4194253FB5C4005DEE7C /* Recipely */ = {
			isa = PBXNativeTarget;
			buildConfigurationList = 635E41A9253FB5C7005DEE7C /* Build configuration list for PBXNativeTarget "Recipely" */;
			buildPhases = (
				45C1779FE4F82D51C5D2B96F /* [CP] Check Pods Manifest.lock */,
				635E4191253FB5C4005DEE7C /* Sources */,
				635E4192253FB5C4005DEE7C /* Frameworks */,
				635E4193253FB5C4005DEE7C /* Resources */,
				024F99F8A982CEEF41BF1312 /* [CP] Embed Pods Frameworks */,
			);
			buildRules = (
			);
			dependencies = (
			);
			name = Recipely;
			productName = Recipely;
			productReference = 635E4195253FB5C4005DEE7C /* Recipely.app */;
			productType = "com.apple.product-type.application";
		};
/* End PBXNativeTarget section */

/* Begin PBXProject section */
		635E418D253FB5C4005DEE7C /* Project object */ = {
			isa = PBXProject;
			attributes = {
				LastSwiftUpdateCheck = 1200;
				LastUpgradeCheck = 1200;
				TargetAttributes = {
					635E4194253FB5C4005DEE7C = {
						CreatedOnToolsVersion = 12.0.1;
					};
				};
			};
			buildConfigurationList = 635E4190253FB5C4005DEE7C /* Build configuration list for PBXProject "Recipely" */;
			compatibilityVersion = "Xcode 9.3";
			developmentRegion = en;
			hasScannedForEncodings = 0;
			knownRegions = (
				en,
				Base,
			);
			mainGroup = 635E418C253FB5C4005DEE7C;
			productRefGroup = 635E4196253FB5C4005DEE7C /* Products */;
			projectDirPath = "";
			projectRoot = "";
			targets = (
				635E4194253FB5C4005DEE7C /* Recipely */,
			);
		};
/* End PBXProject section */

/* Begin PBXResourcesBuildPhase section */
		635E4193253FB5C4005DEE7C /* Resources */ = {
			isa = PBXResourcesBuildPhase;
			buildActionMask = 2147483647;
			files = (
				635E41A5253FB5C6005DEE7C /* LaunchScreen.storyboard in Resources */,
				635E41A2253FB5C6005DEE7C /* Assets.xcassets in Resources */,
				635E41A0253FB5C5005DEE7C /* Main.storyboard in Resources */,
			);
			runOnlyForDeploymentPostprocessing = 0;
		};
/* End PBXResourcesBuildPhase section */

/* Begin PBXShellScriptBuildPhase section */
		024F99F8A982CEEF41BF1312 /* [CP] Embed Pods Frameworks */ = {
			isa = PBXShellScriptBuildPhase;
			buildActionMask = 2147483647;
			files = (
			);
			inputFileListPaths = (
				"${PODS_ROOT}/Target Support Files/Pods-Recipely/Pods-Recipely-frameworks-${CONFIGURATION}-input-files.xcfilelist",
			);
			name = "[CP] Embed Pods Frameworks";
			outputFileListPaths = (
				"${PODS_ROOT}/Target Support Files/Pods-Recipely/Pods-Recipely-frameworks-${CONFIGURATION}-output-files.xcfilelist",
			);
			runOnlyForDeploymentPostprocessing = 0;
			shellPath = /bin/sh;
			shellScript = "\"${PODS_ROOT}/Target Support Files/Pods-Recipely/Pods-Recipely-frameworks.sh\"\n";
			showEnvVarsInLog = 0;
		};
		45C1779FE4F82D51C5D2B96F /* [CP] Check Pods Manifest.lock */ = {
			isa = PBXShellScriptBuildPhase;
			buildActionMask = 2147483647;
			files = (
			);
			inputFileListPaths = (
			);
			inputPaths = (
				"${PODS_PODFILE_DIR_PATH}/Podfile.lock",
				"${PODS_ROOT}/Manifest.lock",
			);
			name = "[CP] Check Pods Manifest.lock";
			outputFileListPaths = (
			);
			outputPaths = (
				"$(DERIVED_FILE_DIR)/Pods-Recipely-checkManifestLockResult.txt",
			);
			runOnlyForDeploymentPostprocessing = 0;
			shellPath = /bin/sh;
			shellScript = "diff \"${PODS_PODFILE_DIR_PATH}/Podfile.lock\" \"${PODS_ROOT}/Manifest.lock\" > /dev/null\nif [ $? != 0 ] ; then\n    # print error to STDERR\n    echo \"error: The sandbox is not in sync with the Podfile.lock. Run 'pod install' or update your CocoaPods installation.\" >&2\n    exit 1\nfi\n# This output is used by Xcode 'outputs' to avoid re-running this script phase.\necho \"SUCCESS\" > \"${SCRIPT_OUTPUT_FILE_0}\"\n";
			showEnvVarsInLog = 0;
		};
/* End PBXShellScriptBuildPhase section */

/* Begin PBXSourcesBuildPhase section */
		635E4191253FB5C4005DEE7C /* Sources */ = {
			isa = PBXSourcesBuildPhase;
			buildActionMask = 2147483647;
			files = (
				6ABD6A25256C2FCD00E1E69E /* ShoppingItemTableViewCell.swift in Sources */,
				635E419D253FB5C4005DEE7C /* SearchRecipeViewController.swift in Sources */,
				63F060F1254C7C310004FA19 /* FavoritesViewController.swift in Sources */,
				63F060F7254C7CDC0004FA19 /* ShoppingListViewController.swift in Sources */,
				636A610925426E0B00F34FC3 /* RecipeTableViewCell.swift in Sources */,
				6A4C2FF22544DF72006EF9FD /* IngredientTableViewCell.swift in Sources */,
				635E4199253FB5C4005DEE7C /* AppDelegate.swift in Sources */,
				636A61052542557200F34FC3 /* HTTPRequestHandler.swift in Sources */,
				6A4C2FF025431A39006EF9FD /* RecipeDetailViewController.swift in Sources */,
				4F4AA96C2559EBA80009DB36 /* DesignView.swift in Sources */,
				6A4C2FF425450A3E006EF9FD /* InstructionTableViewCell.swift in Sources */,
				635E419B253FB5C4005DEE7C /* SceneDelegate.swift in Sources */,
				4F4AA96A2559E3C60009DB36 /* LoginViewController.swift in Sources */,
			);
			runOnlyForDeploymentPostprocessing = 0;
		};
/* End PBXSourcesBuildPhase section */

/* Begin PBXVariantGroup section */
		635E419E253FB5C5005DEE7C /* Main.storyboard */ = {
			isa = PBXVariantGroup;
			children = (
				635E419F253FB5C5005DEE7C /* Base */,
			);
			name = Main.storyboard;
			sourceTree = "<group>";
		};
		635E41A3253FB5C6005DEE7C /* LaunchScreen.storyboard */ = {
			isa = PBXVariantGroup;
			children = (
				635E41A4253FB5C6005DEE7C /* Base */,
			);
			name = LaunchScreen.storyboard;
			sourceTree = "<group>";
		};
/* End PBXVariantGroup section */

/* Begin XCBuildConfiguration section */
		635E41A7253FB5C6005DEE7C /* Debug */ = {
			isa = XCBuildConfiguration;
			buildSettings = {
				ALWAYS_SEARCH_USER_PATHS = NO;
				CLANG_ANALYZER_NONNULL = YES;
				CLANG_ANALYZER_NUMBER_OBJECT_CONVERSION = YES_AGGRESSIVE;
				CLANG_CXX_LANGUAGE_STANDARD = "gnu++14";
				CLANG_CXX_LIBRARY = "libc++";
				CLANG_ENABLE_MODULES = YES;
				CLANG_ENABLE_OBJC_ARC = YES;
				CLANG_ENABLE_OBJC_WEAK = YES;
				CLANG_WARN_BLOCK_CAPTURE_AUTORELEASING = YES;
				CLANG_WARN_BOOL_CONVERSION = YES;
				CLANG_WARN_COMMA = YES;
				CLANG_WARN_CONSTANT_CONVERSION = YES;
				CLANG_WARN_DEPRECATED_OBJC_IMPLEMENTATIONS = YES;
				CLANG_WARN_DIRECT_OBJC_ISA_USAGE = YES_ERROR;
				CLANG_WARN_DOCUMENTATION_COMMENTS = YES;
				CLANG_WARN_EMPTY_BODY = YES;
				CLANG_WARN_ENUM_CONVERSION = YES;
				CLANG_WARN_INFINITE_RECURSION = YES;
				CLANG_WARN_INT_CONVERSION = YES;
				CLANG_WARN_NON_LITERAL_NULL_CONVERSION = YES;
				CLANG_WARN_OBJC_IMPLICIT_RETAIN_SELF = YES;
				CLANG_WARN_OBJC_LITERAL_CONVERSION = YES;
				CLANG_WARN_OBJC_ROOT_CLASS = YES_ERROR;
				CLANG_WARN_QUOTED_INCLUDE_IN_FRAMEWORK_HEADER = YES;
				CLANG_WARN_RANGE_LOOP_ANALYSIS = YES;
				CLANG_WARN_STRICT_PROTOTYPES = YES;
				CLANG_WARN_SUSPICIOUS_MOVE = YES;
				CLANG_WARN_UNGUARDED_AVAILABILITY = YES_AGGRESSIVE;
				CLANG_WARN_UNREACHABLE_CODE = YES;
				CLANG_WARN__DUPLICATE_METHOD_MATCH = YES;
				COPY_PHASE_STRIP = NO;
				DEBUG_INFORMATION_FORMAT = dwarf;
				ENABLE_STRICT_OBJC_MSGSEND = YES;
				ENABLE_TESTABILITY = YES;
				GCC_C_LANGUAGE_STANDARD = gnu11;
				GCC_DYNAMIC_NO_PIC = NO;
				GCC_NO_COMMON_BLOCKS = YES;
				GCC_OPTIMIZATION_LEVEL = 0;
				GCC_PREPROCESSOR_DEFINITIONS = (
					"DEBUG=1",
					"$(inherited)",
				);
				GCC_WARN_64_TO_32_BIT_CONVERSION = YES;
				GCC_WARN_ABOUT_RETURN_TYPE = YES_ERROR;
				GCC_WARN_UNDECLARED_SELECTOR = YES;
				GCC_WARN_UNINITIALIZED_AUTOS = YES_AGGRESSIVE;
				GCC_WARN_UNUSED_FUNCTION = YES;
				GCC_WARN_UNUSED_VARIABLE = YES;
				IPHONEOS_DEPLOYMENT_TARGET = 14.0;
				MTL_ENABLE_DEBUG_INFO = INCLUDE_SOURCE;
				MTL_FAST_MATH = YES;
				ONLY_ACTIVE_ARCH = YES;
				SDKROOT = iphoneos;
				SWIFT_ACTIVE_COMPILATION_CONDITIONS = DEBUG;
				SWIFT_OPTIMIZATION_LEVEL = "-Onone";
			};
			name = Debug;
		};
		635E41A8253FB5C6005DEE7C /* Release */ = {
			isa = XCBuildConfiguration;
			buildSettings = {
				ALWAYS_SEARCH_USER_PATHS = NO;
				CLANG_ANALYZER_NONNULL = YES;
				CLANG_ANALYZER_NUMBER_OBJECT_CONVERSION = YES_AGGRESSIVE;
				CLANG_CXX_LANGUAGE_STANDARD = "gnu++14";
				CLANG_CXX_LIBRARY = "libc++";
				CLANG_ENABLE_MODULES = YES;
				CLANG_ENABLE_OBJC_ARC = YES;
				CLANG_ENABLE_OBJC_WEAK = YES;
				CLANG_WARN_BLOCK_CAPTURE_AUTORELEASING = YES;
				CLANG_WARN_BOOL_CONVERSION = YES;
				CLANG_WARN_COMMA = YES;
				CLANG_WARN_CONSTANT_CONVERSION = YES;
				CLANG_WARN_DEPRECATED_OBJC_IMPLEMENTATIONS = YES;
				CLANG_WARN_DIRECT_OBJC_ISA_USAGE = YES_ERROR;
				CLANG_WARN_DOCUMENTATION_COMMENTS = YES;
				CLANG_WARN_EMPTY_BODY = YES;
				CLANG_WARN_ENUM_CONVERSION = YES;
				CLANG_WARN_INFINITE_RECURSION = YES;
				CLANG_WARN_INT_CONVERSION = YES;
				CLANG_WARN_NON_LITERAL_NULL_CONVERSION = YES;
				CLANG_WARN_OBJC_IMPLICIT_RETAIN_SELF = YES;
				CLANG_WARN_OBJC_LITERAL_CONVERSION = YES;
				CLANG_WARN_OBJC_ROOT_CLASS = YES_ERROR;
				CLANG_WARN_QUOTED_INCLUDE_IN_FRAMEWORK_HEADER = YES;
				CLANG_WARN_RANGE_LOOP_ANALYSIS = YES;
				CLANG_WARN_STRICT_PROTOTYPES = YES;
				CLANG_WARN_SUSPICIOUS_MOVE = YES;
				CLANG_WARN_UNGUARDED_AVAILABILITY = YES_AGGRESSIVE;
				CLANG_WARN_UNREACHABLE_CODE = YES;
				CLANG_WARN__DUPLICATE_METHOD_MATCH = YES;
				COPY_PHASE_STRIP = NO;
				DEBUG_INFORMATION_FORMAT = "dwarf-with-dsym";
				ENABLE_NS_ASSERTIONS = NO;
				ENABLE_STRICT_OBJC_MSGSEND = YES;
				GCC_C_LANGUAGE_STANDARD = gnu11;
				GCC_NO_COMMON_BLOCKS = YES;
				GCC_WARN_64_TO_32_BIT_CONVERSION = YES;
				GCC_WARN_ABOUT_RETURN_TYPE = YES_ERROR;
				GCC_WARN_UNDECLARED_SELECTOR = YES;
				GCC_WARN_UNINITIALIZED_AUTOS = YES_AGGRESSIVE;
				GCC_WARN_UNUSED_FUNCTION = YES;
				GCC_WARN_UNUSED_VARIABLE = YES;
				IPHONEOS_DEPLOYMENT_TARGET = 14.0;
				MTL_ENABLE_DEBUG_INFO = NO;
				MTL_FAST_MATH = YES;
				SDKROOT = iphoneos;
				SWIFT_COMPILATION_MODE = wholemodule;
				SWIFT_OPTIMIZATION_LEVEL = "-O";
				VALIDATE_PRODUCT = YES;
			};
			name = Release;
		};
		635E41AA253FB5C7005DEE7C /* Debug */ = {
			isa = XCBuildConfiguration;
			baseConfigurationReference = AC4A662E2D8AD56E14BE39CB /* Pods-Recipely.debug.xcconfig */;
			buildSettings = {
				ASSETCATALOG_COMPILER_APPICON_NAME = AppIcon;
				ASSETCATALOG_COMPILER_GLOBAL_ACCENT_COLOR_NAME = AccentColor;
				CODE_SIGN_STYLE = Automatic;
				DEVELOPMENT_TEAM = "";
				INFOPLIST_FILE = Recipely/Info.plist;
				IPHONEOS_DEPLOYMENT_TARGET = 13.0;
				LD_RUNPATH_SEARCH_PATHS = (
					"$(inherited)",
					"@executable_path/Frameworks",
				);
				PRODUCT_BUNDLE_IDENTIFIER = CodePath.Recipely;
				PRODUCT_NAME = "$(TARGET_NAME)";
				SWIFT_VERSION = 5.0;
				TARGETED_DEVICE_FAMILY = "1,2";
			};
			name = Debug;
		};
		635E41AB253FB5C7005DEE7C /* Release */ = {
			isa = XCBuildConfiguration;
			baseConfigurationReference = E9D0AE631A6E3772C426B7B9 /* Pods-Recipely.release.xcconfig */;
			buildSettings = {
				ASSETCATALOG_COMPILER_APPICON_NAME = AppIcon;
				ASSETCATALOG_COMPILER_GLOBAL_ACCENT_COLOR_NAME = AccentColor;
				CODE_SIGN_STYLE = Automatic;
				DEVELOPMENT_TEAM = "";
				INFOPLIST_FILE = Recipely/Info.plist;
				IPHONEOS_DEPLOYMENT_TARGET = 13.0;
				LD_RUNPATH_SEARCH_PATHS = (
					"$(inherited)",
					"@executable_path/Frameworks",
				);
				PRODUCT_BUNDLE_IDENTIFIER = CodePath.Recipely;
				PRODUCT_NAME = "$(TARGET_NAME)";
				SWIFT_VERSION = 5.0;
				TARGETED_DEVICE_FAMILY = "1,2";
			};
			name = Release;
		};
/* End XCBuildConfiguration section */

/* Begin XCConfigurationList section */
		635E4190253FB5C4005DEE7C /* Build configuration list for PBXProject "Recipely" */ = {
			isa = XCConfigurationList;
			buildConfigurations = (
				635E41A7253FB5C6005DEE7C /* Debug */,
				635E41A8253FB5C6005DEE7C /* Release */,
			);
			defaultConfigurationIsVisible = 0;
			defaultConfigurationName = Release;
		};
		635E41A9253FB5C7005DEE7C /* Build configuration list for PBXNativeTarget "Recipely" */ = {
			isa = XCConfigurationList;
			buildConfigurations = (
				635E41AA253FB5C7005DEE7C /* Debug */,
				635E41AB253FB5C7005DEE7C /* Release */,
			);
			defaultConfigurationIsVisible = 0;
			defaultConfigurationName = Release;
		};
/* End XCConfigurationList section */
	};
	rootObject = 635E418D253FB5C4005DEE7C /* Project object */;
}
